# This file is automatically @generated by Cargo.
# It is not intended for manual editing.
version = 4

[[package]]
name = "shargon-backend"
version = "0.1.0"

[[package]]
name = "shargon-client"
version = "0.1.0"

[[package]]
name = "shargon-daemon"
version = "0.1.0"

[[package]]
name = "shargon-nspawn"
version = "0.1.0"

[[package]]
name = "shargon-protocol"
version = "0.1.0"

[[package]]
name = "shargon-qemu"
version = "0.1.0"

[[package]]
name = "shargon-settings"
version = "0.1.0"
